// !$*UTF8*$!
{
	archiveVersion = 1;
	classes = {
	};
	objectVersion = 48;
	objects = {

/* Begin PBXBuildFile section */
		43899A6D8B624FB24DD848AE /* Pods_TodoGe.framework in Frameworks */ = {isa = PBXBuildFile; fileRef = 3F8D56FEC688ED2472F39811 /* Pods_TodoGe.framework */; };
		96E0F5671FFEB35700061500 /* AppDelegate.swift in Sources */ = {isa = PBXBuildFile; fileRef = 96E0F5661FFEB35700061500 /* AppDelegate.swift */; };
		96E0F5691FFEB35700061500 /* TodoListViewController.swift in Sources */ = {isa = PBXBuildFile; fileRef = 96E0F5681FFEB35700061500 /* TodoListViewController.swift */; };
		96E0F56C1FFEB35700061500 /* Main.storyboard in Resources */ = {isa = PBXBuildFile; fileRef = 96E0F56A1FFEB35700061500 /* Main.storyboard */; };
		96E0F56E1FFEB35700061500 /* Assets.xcassets in Resources */ = {isa = PBXBuildFile; fileRef = 96E0F56D1FFEB35700061500 /* Assets.xcassets */; };
		96E0F5711FFEB35700061500 /* LaunchScreen.storyboard in Resources */ = {isa = PBXBuildFile; fileRef = 96E0F56F1FFEB35700061500 /* LaunchScreen.storyboard */; };
		96E74573200018B3005665DD /* DataModel.xcdatamodeld in Sources */ = {isa = PBXBuildFile; fileRef = 96E74571200018B3005665DD /* DataModel.xcdatamodeld */; };
		96E7459620004DF2005665DD /* CategoryTableViewController.swift in Sources */ = {isa = PBXBuildFile; fileRef = 96E7459520004DF2005665DD /* CategoryTableViewController.swift */; };
/* End PBXBuildFile section */

/* Begin PBXFileReference section */
		1D8BC3D2A2C44E2DC1BB83D1 /* Pods-TodoGe.release.xcconfig */ = {isa = PBXFileReference; includeInIndex = 1; lastKnownFileType = text.xcconfig; name = "Pods-TodoGe.release.xcconfig"; path = "Pods/Target Support Files/Pods-TodoGe/Pods-TodoGe.release.xcconfig"; sourceTree = "<group>"; };
		3F8D56FEC688ED2472F39811 /* Pods_TodoGe.framework */ = {isa = PBXFileReference; explicitFileType = wrapper.framework; includeInIndex = 0; path = Pods_TodoGe.framework; sourceTree = BUILT_PRODUCTS_DIR; };
		96E0F5631FFEB35700061500 /* TodoGe.app */ = {isa = PBXFileReference; explicitFileType = wrapper.application; includeInIndex = 0; path = TodoGe.app; sourceTree = BUILT_PRODUCTS_DIR; };
		96E0F5661FFEB35700061500 /* AppDelegate.swift */ = {isa = PBXFileReference; lastKnownFileType = sourcecode.swift; path = AppDelegate.swift; sourceTree = "<group>"; };
		96E0F5681FFEB35700061500 /* TodoListViewController.swift */ = {isa = PBXFileReference; lastKnownFileType = sourcecode.swift; path = TodoListViewController.swift; sourceTree = "<group>"; };
		96E0F56B1FFEB35700061500 /* Base */ = {isa = PBXFileReference; lastKnownFileType = file.storyboard; name = Base; path = Base.lproj/Main.storyboard; sourceTree = "<group>"; };
		96E0F56D1FFEB35700061500 /* Assets.xcassets */ = {isa = PBXFileReference; lastKnownFileType = folder.assetcatalog; path = Assets.xcassets; sourceTree = "<group>"; };
		96E0F5701FFEB35700061500 /* Base */ = {isa = PBXFileReference; lastKnownFileType = file.storyboard; name = Base; path = Base.lproj/LaunchScreen.storyboard; sourceTree = "<group>"; };
		96E0F5721FFEB35700061500 /* Info.plist */ = {isa = PBXFileReference; lastKnownFileType = text.plist.xml; path = Info.plist; sourceTree = "<group>"; };
		96E74572200018B3005665DD /* DataModel.xcdatamodel */ = {isa = PBXFileReference; lastKnownFileType = wrapper.xcdatamodel; path = DataModel.xcdatamodel; sourceTree = "<group>"; };
		96E7459520004DF2005665DD /* CategoryTableViewController.swift */ = {isa = PBXFileReference; lastKnownFileType = sourcecode.swift; path = CategoryTableViewController.swift; sourceTree = "<group>"; };
		BAADA6E67F927D6B6B396DF7 /* Pods-TodoGe.debug.xcconfig */ = {isa = PBXFileReference; includeInIndex = 1; lastKnownFileType = text.xcconfig; name = "Pods-TodoGe.debug.xcconfig"; path = "Pods/Target Support Files/Pods-TodoGe/Pods-TodoGe.debug.xcconfig"; sourceTree = "<group>"; };
/* End PBXFileReference section */

/* Begin PBXFrameworksBuildPhase section */
		96E0F5601FFEB35700061500 /* Frameworks */ = {
			isa = PBXFrameworksBuildPhase;
			buildActionMask = 2147483647;
			files = (
				43899A6D8B624FB24DD848AE /* Pods_TodoGe.framework in Frameworks */,
			);
			runOnlyForDeploymentPostprocessing = 0;
		};
/* End PBXFrameworksBuildPhase section */

/* Begin PBXGroup section */
		0C0090BF50E662EE0DC1E384 /* Frameworks */ = {
			isa = PBXGroup;
			children = (
				3F8D56FEC688ED2472F39811 /* Pods_TodoGe.framework */,
			);
			name = Frameworks;
			sourceTree = "<group>";
		};
		959D26E68057605B8CD25834 /* Pods */ = {
			isa = PBXGroup;
			children = (
				BAADA6E67F927D6B6B396DF7 /* Pods-TodoGe.debug.xcconfig */,
				1D8BC3D2A2C44E2DC1BB83D1 /* Pods-TodoGe.release.xcconfig */,
			);
			name = Pods;
			sourceTree = "<group>";
		};
		96E0F55A1FFEB35700061500 = {
			isa = PBXGroup;
			children = (
				96E0F5651FFEB35700061500 /* TodoGe */,
				96E0F5641FFEB35700061500 /* Products */,
				959D26E68057605B8CD25834 /* Pods */,
				0C0090BF50E662EE0DC1E384 /* Frameworks */,
			);
			sourceTree = "<group>";
		};
		96E0F5641FFEB35700061500 /* Products */ = {
			isa = PBXGroup;
			children = (
				96E0F5631FFEB35700061500 /* TodoGe.app */,
			);
			name = Products;
			sourceTree = "<group>";
		};
		96E0F5651FFEB35700061500 /* TodoGe */ = {
			isa = PBXGroup;
			children = (
				96E0F5661FFEB35700061500 /* AppDelegate.swift */,
				96E7456F20000658005665DD /* Controllers */,
				96E7456E20000648005665DD /* Data Model */,
				96E7457020000668005665DD /* Views */,
				96E0F56D1FFEB35700061500 /* Assets.xcassets */,
				96E0F56F1FFEB35700061500 /* LaunchScreen.storyboard */,
				96E0F5721FFEB35700061500 /* Info.plist */,
			);
			path = TodoGe;
			sourceTree = "<group>";
		};
		96E7456E20000648005665DD /* Data Model */ = {
			isa = PBXGroup;
			children = (
				96E74571200018B3005665DD /* DataModel.xcdatamodeld */,
			);
			path = "Data Model";
			sourceTree = "<group>";
		};
		96E7456F20000658005665DD /* Controllers */ = {
			isa = PBXGroup;
			children = (
				96E7459520004DF2005665DD /* CategoryTableViewController.swift */,
				96E0F5681FFEB35700061500 /* TodoListViewController.swift */,
			);
			path = Controllers;
			sourceTree = "<group>";
		};
		96E7457020000668005665DD /* Views */ = {
			isa = PBXGroup;
			children = (
				96E0F56A1FFEB35700061500 /* Main.storyboard */,
			);
			path = Views;
			sourceTree = "<group>";
		};
/* End PBXGroup section */

/* Begin PBXNativeTarget section */
		96E0F5621FFEB35700061500 /* TodoGe */ = {
			isa = PBXNativeTarget;
			buildConfigurationList = 96E0F5751FFEB35700061500 /* Build configuration list for PBXNativeTarget "TodoGe" */;
			buildPhases = (
				0A57F339E0F9597D20A34DF4 /* [CP] Check Pods Manifest.lock */,
				96E0F55F1FFEB35700061500 /* Sources */,
				96E0F5601FFEB35700061500 /* Frameworks */,
				96E0F5611FFEB35700061500 /* Resources */,
				F1701E20F196EDF84FEF18DE /* [CP] Embed Pods Frameworks */,
				62AB13D4EAA3EF1008D39FDD /* [CP] Copy Pods Resources */,
			);
			buildRules = (
			);
			dependencies = (
			);
			name = TodoGe;
			productName = TodoGe;
			productReference = 96E0F5631FFEB35700061500 /* TodoGe.app */;
			productType = "com.apple.product-type.application";
		};
/* End PBXNativeTarget section */

/* Begin PBXProject section */
		96E0F55B1FFEB35700061500 /* Project object */ = {
			isa = PBXProject;
			attributes = {
				LastSwiftUpdateCheck = 0920;
				LastUpgradeCheck = 0920;
				ORGANIZATIONNAME = "Ming jie Huang";
				TargetAttributes = {
					96E0F5621FFEB35700061500 = {
						CreatedOnToolsVersion = 9.2;
						ProvisioningStyle = Automatic;
					};
				};
			};
			buildConfigurationList = 96E0F55E1FFEB35700061500 /* Build configuration list for PBXProject "TodoGe" */;
			compatibilityVersion = "Xcode 8.0";
			developmentRegion = en;
			hasScannedForEncodings = 0;
			knownRegions = (
				en,
				Base,
			);
			mainGroup = 96E0F55A1FFEB35700061500;
			productRefGroup = 96E0F5641FFEB35700061500 /* Products */;
			projectDirPath = "";
			projectRoot = "";
			targets = (
				96E0F5621FFEB35700061500 /* TodoGe */,
			);
		};
/* End PBXProject section */

/* Begin PBXResourcesBuildPhase section */
		96E0F5611FFEB35700061500 /* Resources */ = {
			isa = PBXResourcesBuildPhase;
			buildActionMask = 2147483647;
			files = (
				96E0F5711FFEB35700061500 /* LaunchScreen.storyboard in Resources */,
				96E0F56E1FFEB35700061500 /* Assets.xcassets in Resources */,
				96E0F56C1FFEB35700061500 /* Main.storyboard in Resources */,
			);
			runOnlyForDeploymentPostprocessing = 0;
		};
/* End PBXResourcesBuildPhase section */

/* Begin PBXShellScriptBuildPhase section */
		0A57F339E0F9597D20A34DF4 /* [CP] Check Pods Manifest.lock */ = {
			isa = PBXShellScriptBuildPhase;
			buildActionMask = 2147483647;
			files = (
			);
			inputPaths = (
				"${PODS_PODFILE_DIR_PATH}/Podfile.lock",
				"${PODS_ROOT}/Manifest.lock",
			);
			name = "[CP] Check Pods Manifest.lock";
			outputPaths = (
				"$(DERIVED_FILE_DIR)/Pods-TodoGe-checkManifestLockResult.txt",
			);
			runOnlyForDeploymentPostprocessing = 0;
			shellPath = /bin/sh;
			shellScript = "diff \"${PODS_PODFILE_DIR_PATH}/Podfile.lock\" \"${PODS_ROOT}/Manifest.lock\" > /dev/null\nif [ $? != 0 ] ; then\n    # print error to STDERR\n    echo \"error: The sandbox is not in sync with the Podfile.lock. Run 'pod install' or update your CocoaPods installation.\" >&2\n    exit 1\nfi\n# This output is used by Xcode 'outputs' to avoid re-running this script phase.\necho \"SUCCESS\" > \"${SCRIPT_OUTPUT_FILE_0}\"\n";
			showEnvVarsInLog = 0;
		};
		62AB13D4EAA3EF1008D39FDD /* [CP] Copy Pods Resources */ = {
			isa = PBXShellScriptBuildPhase;
			buildActionMask = 2147483647;
			files = (
			);
			inputPaths = (
			);
			name = "[CP] Copy Pods Resources";
			outputPaths = (
			);
			runOnlyForDeploymentPostprocessing = 0;
			shellPath = /bin/sh;
			shellScript = "\"${SRCROOT}/Pods/Target Support Files/Pods-TodoGe/Pods-TodoGe-resources.sh\"\n";
			showEnvVarsInLog = 0;
		};
		F1701E20F196EDF84FEF18DE /* [CP] Embed Pods Frameworks */ = {
			isa = PBXShellScriptBuildPhase;
			buildActionMask = 2147483647;
			files = (
			);
			inputPaths = (
				"${SRCROOT}/Pods/Target Support Files/Pods-TodoGe/Pods-TodoGe-frameworks.sh",
				"${BUILT_PRODUCTS_DIR}/Realm/Realm.framework",
				"${BUILT_PRODUCTS_DIR}/RealmSwift/RealmSwift.framework",
			);
			name = "[CP] Embed Pods Frameworks";
			outputPaths = (
				"${TARGET_BUILD_DIR}/${FRAMEWORKS_FOLDER_PATH}/Realm.framework",
				"${TARGET_BUILD_DIR}/${FRAMEWORKS_FOLDER_PATH}/RealmSwift.framework",
			);
			runOnlyForDeploymentPostprocessing = 0;
			shellPath = /bin/sh;
			shellScript = "\"${SRCROOT}/Pods/Target Support Files/Pods-TodoGe/Pods-TodoGe-frameworks.sh\"\n";
			showEnvVarsInLog = 0;
		};
/* End PBXShellScriptBuildPhase section */

/* Begin PBXSourcesBuildPhase section */
		96E0F55F1FFEB35700061500 /* Sources */ = {
			isa = PBXSourcesBuildPhase;
			buildActionMask = 2147483647;
			files = (
				96E0F5691FFEB35700061500 /* TodoListViewController.swift in Sources */,
				96E74573200018B3005665DD /* DataModel.xcdatamodeld in Sources */,
				96E0F5671FFEB35700061500 /* AppDelegate.swift in Sources */,
				96E7459620004DF2005665DD /* CategoryTableViewController.swift in Sources */,
			);
			runOnlyForDeploymentPostprocessing = 0;
		};
/* End PBXSourcesBuildPhase section */

/* Begin PBXVariantGroup section */
		96E0F56A1FFEB35700061500 /* Main.storyboard */ = {
			isa = PBXVariantGroup;
			children = (
				96E0F56B1FFEB35700061500 /* Base */,
			);
			name = Main.storyboard;
			sourceTree = "<group>";
		};
		96E0F56F1FFEB35700061500 /* LaunchScreen.storyboard */ = {
			isa = PBXVariantGroup;
			children = (
				96E0F5701FFEB35700061500 /* Base */,
			);
			name = LaunchScreen.storyboard;
			sourceTree = "<group>";
		};
/* End PBXVariantGroup section */

/* Begin XCBuildConfiguration section */
		96E0F5731FFEB35700061500 /* Debug */ = {
			isa = XCBuildConfiguration;
			buildSettings = {
				ALWAYS_SEARCH_USER_PATHS = NO;
				CLANG_ANALYZER_NONNULL = YES;
				CLANG_ANALYZER_NUMBER_OBJECT_CONVERSION = YES_AGGRESSIVE;
				CLANG_CXX_LANGUAGE_STANDARD = "gnu++14";
				CLANG_CXX_LIBRARY = "libc++";
				CLANG_ENABLE_MODULES = YES;
				CLANG_ENABLE_OBJC_ARC = YES;
				CLANG_WARN_BLOCK_CAPTURE_AUTORELEASING = YES;
				CLANG_WARN_BOOL_CONVERSION = YES;
				CLANG_WARN_COMMA = YES;
				CLANG_WARN_CONSTANT_CONVERSION = YES;
				CLANG_WARN_DIRECT_OBJC_ISA_USAGE = YES_ERROR;
				CLANG_WARN_DOCUMENTATION_COMMENTS = YES;
				CLANG_WARN_EMPTY_BODY = YES;
				CLANG_WARN_ENUM_CONVERSION = YES;
				CLANG_WARN_INFINITE_RECURSION = YES;
				CLANG_WARN_INT_CONVERSION = YES;
				CLANG_WARN_NON_LITERAL_NULL_CONVERSION = YES;
				CLANG_WARN_OBJC_LITERAL_CONVERSION = YES;
				CLANG_WARN_OBJC_ROOT_CLASS = YES_ERROR;
				CLANG_WARN_RANGE_LOOP_ANALYSIS = YES;
				CLANG_WARN_STRICT_PROTOTYPES = YES;
				CLANG_WARN_SUSPICIOUS_MOVE = YES;
				CLANG_WARN_UNGUARDED_AVAILABILITY = YES_AGGRESSIVE;
				CLANG_WARN_UNREACHABLE_CODE = YES;
				CLANG_WARN__DUPLICATE_METHOD_MATCH = YES;
				CODE_SIGN_IDENTITY = "iPhone Developer";
				COPY_PHASE_STRIP = NO;
				DEBUG_INFORMATION_FORMAT = dwarf;
				ENABLE_STRICT_OBJC_MSGSEND = YES;
				ENABLE_TESTABILITY = YES;
				GCC_C_LANGUAGE_STANDARD = gnu11;
				GCC_DYNAMIC_NO_PIC = NO;
				GCC_NO_COMMON_BLOCKS = YES;
				GCC_OPTIMIZATION_LEVEL = 0;
				GCC_PREPROCESSOR_DEFINITIONS = (
					"DEBUG=1",
					"$(inherited)",
				);
				GCC_WARN_64_TO_32_BIT_CONVERSION = YES;
				GCC_WARN_ABOUT_RETURN_TYPE = YES_ERROR;
				GCC_WARN_UNDECLARED_SELECTOR = YES;
				GCC_WARN_UNINITIALIZED_AUTOS = YES_AGGRESSIVE;
				GCC_WARN_UNUSED_FUNCTION = YES;
				GCC_WARN_UNUSED_VARIABLE = YES;
				IPHONEOS_DEPLOYMENT_TARGET = 11.2;
				MTL_ENABLE_DEBUG_INFO = YES;
				ONLY_ACTIVE_ARCH = YES;
				SDKROOT = iphoneos;
				SWIFT_ACTIVE_COMPILATION_CONDITIONS = DEBUG;
				SWIFT_OPTIMIZATION_LEVEL = "-Onone";
			};
			name = Debug;
		};
		96E0F5741FFEB35700061500 /* Release */ = {
			isa = XCBuildConfiguration;
			buildSettings = {
				ALWAYS_SEARCH_USER_PATHS = NO;
				CLANG_ANALYZER_NONNULL = YES;
				CLANG_ANALYZER_NUMBER_OBJECT_CONVERSION = YES_AGGRESSIVE;
				CLANG_CXX_LANGUAGE_STANDARD = "gnu++14";
				CLANG_CXX_LIBRARY = "libc++";
				CLANG_ENABLE_MODULES = YES;
				CLANG_ENABLE_OBJC_ARC = YES;
				CLANG_WARN_BLOCK_CAPTURE_AUTORELEASING = YES;
				CLANG_WARN_BOOL_CONVERSION = YES;
				CLANG_WARN_COMMA = YES;
				CLANG_WARN_CONSTANT_CONVERSION = YES;
				CLANG_WARN_DIRECT_OBJC_ISA_USAGE = YES_ERROR;
				CLANG_WARN_DOCUMENTATION_COMMENTS = YES;
				CLANG_WARN_EMPTY_BODY = YES;
				CLANG_WARN_ENUM_CONVERSION = YES;
				CLANG_WARN_INFINITE_RECURSION = YES;
				CLANG_WARN_INT_CONVERSION = YES;
				CLANG_WARN_NON_LITERAL_NULL_CONVERSION = YES;
				CLANG_WARN_OBJC_LITERAL_CONVERSION = YES;
				CLANG_WARN_OBJC_ROOT_CLASS = YES_ERROR;
				CLANG_WARN_RANGE_LOOP_ANALYSIS = YES;
				CLANG_WARN_STRICT_PROTOTYPES = YES;
				CLANG_WARN_SUSPICIOUS_MOVE = YES;
				CLANG_WARN_UNGUARDED_AVAILABILITY = YES_AGGRESSIVE;
				CLANG_WARN_UNREACHABLE_CODE = YES;
				CLANG_WARN__DUPLICATE_METHOD_MATCH = YES;
				CODE_SIGN_IDENTITY = "iPhone Developer";
				COPY_PHASE_STRIP = NO;
				DEBUG_INFORMATION_FORMAT = "dwarf-with-dsym";
				ENABLE_NS_ASSERTIONS = NO;
				ENABLE_STRICT_OBJC_MSGSEND = YES;
				GCC_C_LANGUAGE_STANDARD = gnu11;
				GCC_NO_COMMON_BLOCKS = YES;
				GCC_WARN_64_TO_32_BIT_CONVERSION = YES;
				GCC_WARN_ABOUT_RETURN_TYPE = YES_ERROR;
				GCC_WARN_UNDECLARED_SELECTOR = YES;
				GCC_WARN_UNINITIALIZED_AUTOS = YES_AGGRESSIVE;
				GCC_WARN_UNUSED_FUNCTION = YES;
				GCC_WARN_UNUSED_VARIABLE = YES;
				IPHONEOS_DEPLOYMENT_TARGET = 11.2;
				MTL_ENABLE_DEBUG_INFO = NO;
				SDKROOT = iphoneos;
				SWIFT_OPTIMIZATION_LEVEL = "-Owholemodule";
				VALIDATE_PRODUCT = YES;
			};
			name = Release;
		};
		96E0F5761FFEB35700061500 /* Debug */ = {
			isa = XCBuildConfiguration;
			baseConfigurationReference = BAADA6E67F927D6B6B396DF7 /* Pods-TodoGe.debug.xcconfig */;
			buildSettings = {
				ASSETCATALOG_COMPILER_APPICON_NAME = AppIcon;
				CODE_SIGN_STYLE = Automatic;
				DEVELOPMENT_TEAM = 752LN3EFW6;
				INFOPLIST_FILE = TodoGe/Info.plist;
				LD_RUNPATH_SEARCH_PATHS = "$(inherited) @executable_path/Frameworks";
				PRODUCT_BUNDLE_IDENTIFIER = com.Geehuang.TodoGe;
				PRODUCT_NAME = "$(TARGET_NAME)";
				SWIFT_VERSION = 4.0;
				TARGETED_DEVICE_FAMILY = "1,2";
			};
			name = Debug;
		};
		96E0F5771FFEB35700061500 /* Release */ = {
			isa = XCBuildConfiguration;
			baseConfigurationReference = 1D8BC3D2A2C44E2DC1BB83D1 /* Pods-TodoGe.release.xcconfig */;
			buildSettings = {
				ASSETCATALOG_COMPILER_APPICON_NAME = AppIcon;
				CODE_SIGN_STYLE = Automatic;
				DEVELOPMENT_TEAM = 752LN3EFW6;
				INFOPLIST_FILE = TodoGe/Info.plist;
				LD_RUNPATH_SEARCH_PATHS = "$(inherited) @executable_path/Frameworks";
				PRODUCT_BUNDLE_IDENTIFIER = com.Geehuang.TodoGe;
				PRODUCT_NAME = "$(TARGET_NAME)";
				SWIFT_VERSION = 4.0;
				TARGETED_DEVICE_FAMILY = "1,2";
			};
			name = Release;
		};
/* End XCBuildConfiguration section */

/* Begin XCConfigurationList section */
		96E0F55E1FFEB35700061500 /* Build configuration list for PBXProject "TodoGe" */ = {
			isa = XCConfigurationList;
			buildConfigurations = (
				96E0F5731FFEB35700061500 /* Debug */,
				96E0F5741FFEB35700061500 /* Release */,
			);
			defaultConfigurationIsVisible = 0;
			defaultConfigurationName = Release;
		};
		96E0F5751FFEB35700061500 /* Build configuration list for PBXNativeTarget "TodoGe" */ = {
			isa = XCConfigurationList;
			buildConfigurations = (
				96E0F5761FFEB35700061500 /* Debug */,
				96E0F5771FFEB35700061500 /* Release */,
			);
			defaultConfigurationIsVisible = 0;
			defaultConfigurationName = Release;
		};
/* End XCConfigurationList section */

/* Begin XCVersionGroup section */
		96E74571200018B3005665DD /* DataModel.xcdatamodeld */ = {
			isa = XCVersionGroup;
			children = (
				96E74572200018B3005665DD /* DataModel.xcdatamodel */,
			);
			currentVersion = 96E74572200018B3005665DD /* DataModel.xcdatamodel */;
			path = DataModel.xcdatamodeld;
			sourceTree = "<group>";
			versionGroupType = wrapper.xcdatamodel;
		};
/* End XCVersionGroup section */
	};
	rootObject = 96E0F55B1FFEB35700061500 /* Project object */;
}
